// !$*UTF8*$!
{
	archiveVersion = 1;
	classes = {
	};
	objectVersion = 50;
	objects = {

/* Begin PBXBuildFile section */
		AD09C284248EA95800CF3B07 /* ExchangeViewController.swift in Sources */ = {isa = PBXBuildFile; fileRef = AD09C283248EA95800CF3B07 /* ExchangeViewController.swift */; };
		AD24DAF4249BFB130060FB99 /* BaluchonView.swift in Sources */ = {isa = PBXBuildFile; fileRef = AD24DAF3249BFB130060FB99 /* BaluchonView.swift */; };
		AD3A22F5249381D100032006 /* NetworkError.swift in Sources */ = {isa = PBXBuildFile; fileRef = AD3A22F4249381D100032006 /* NetworkError.swift */; };
		AD3CE748248D9D7C00063181 /* TranslationViewController.swift in Sources */ = {isa = PBXBuildFile; fileRef = AD3CE747248D9D7C00063181 /* TranslationViewController.swift */; };
		AD3F7C06248EB25200ED0DBA /* WeatherService.swift in Sources */ = {isa = PBXBuildFile; fileRef = AD3F7C05248EB25200ED0DBA /* WeatherService.swift */; };
		AD3F7C08248EB2A100ED0DBA /* Weather.swift in Sources */ = {isa = PBXBuildFile; fileRef = AD3F7C07248EB2A100ED0DBA /* Weather.swift */; };
		AD3F7C0A248EB71200ED0DBA /* TranslationService.swift in Sources */ = {isa = PBXBuildFile; fileRef = AD3F7C09248EB71200ED0DBA /* TranslationService.swift */; };
		AD3F7C0C248ED8C500ED0DBA /* Translation.swift in Sources */ = {isa = PBXBuildFile; fileRef = AD3F7C0B248ED8C500ED0DBA /* Translation.swift */; };
		AD3F7C0E248ED99600ED0DBA /* ExchangeService.swift in Sources */ = {isa = PBXBuildFile; fileRef = AD3F7C0D248ED99600ED0DBA /* ExchangeService.swift */; };
		AD3F7C10248ED9A600ED0DBA /* Exchange.swift in Sources */ = {isa = PBXBuildFile; fileRef = AD3F7C0F248ED9A600ED0DBA /* Exchange.swift */; };
		AD5810B324BDBA98000EC6D6 /* Network.swift in Sources */ = {isa = PBXBuildFile; fileRef = AD5810B224BDBA98000EC6D6 /* Network.swift */; };
		AD5810B524BDBAB6000EC6D6 /* Images.swift in Sources */ = {isa = PBXBuildFile; fileRef = AD5810B424BDBAB6000EC6D6 /* Images.swift */; };
		AD5810B724BDBAC8000EC6D6 /* Strings.swift in Sources */ = {isa = PBXBuildFile; fileRef = AD5810B624BDBAC8000EC6D6 /* Strings.swift */; };
		AD5810B924BDBC21000EC6D6 /* UIImageViewExtension.swift in Sources */ = {isa = PBXBuildFile; fileRef = AD5810B824BDBC21000EC6D6 /* UIImageViewExtension.swift */; };
		AD5810BB24BDC005000EC6D6 /* UIViewControllerExtension.swift in Sources */ = {isa = PBXBuildFile; fileRef = AD5810BA24BDC005000EC6D6 /* UIViewControllerExtension.swift */; };
		AD6AE9B1249A14E100FBBA20 /* TranslationView.swift in Sources */ = {isa = PBXBuildFile; fileRef = AD6AE9B0249A14E100FBBA20 /* TranslationView.swift */; };
		AD6AE9B3249A1DB100FBBA20 /* BannerView.swift in Sources */ = {isa = PBXBuildFile; fileRef = AD6AE9B2249A1DB100FBBA20 /* BannerView.swift */; };
		AD6AE9B7249A2A5600FBBA20 /* ExchangeView.swift in Sources */ = {isa = PBXBuildFile; fileRef = AD6AE9B6249A2A5600FBBA20 /* ExchangeView.swift */; };
		AD7FC21524979AD600F1549D /* FloatExtension.swift in Sources */ = {isa = PBXBuildFile; fileRef = AD7FC21424979AD600F1549D /* FloatExtension.swift */; };
		AD7FC2192497D88200F1549D /* WeatherView.swift in Sources */ = {isa = PBXBuildFile; fileRef = AD7FC2182497D88200F1549D /* WeatherView.swift */; };
		AD9A6BB0249E524D00EA83BF /* Translation.json in Resources */ = {isa = PBXBuildFile; fileRef = AD9A6BAF249E524D00EA83BF /* Translation.json */; };
		AD9A6BB2249E525700EA83BF /* Exchange.json in Resources */ = {isa = PBXBuildFile; fileRef = AD9A6BB1249E525700EA83BF /* Exchange.json */; };
		AD9A6BB8249E54DC00EA83BF /* TranslationServiceTestCase.swift in Sources */ = {isa = PBXBuildFile; fileRef = AD9A6BB7249E54DC00EA83BF /* TranslationServiceTestCase.swift */; };
		AD9A6BBA249E54EC00EA83BF /* ExchangeServiceTestCase.swift in Sources */ = {isa = PBXBuildFile; fileRef = AD9A6BB9249E54EC00EA83BF /* ExchangeServiceTestCase.swift */; };
		AD9A6BBC249E579000EA83BF /* URLSessionFake.swift in Sources */ = {isa = PBXBuildFile; fileRef = AD9A6BBB249E579000EA83BF /* URLSessionFake.swift */; };
		ADAF702B248A9EF80058F1A7 /* AppDelegate.swift in Sources */ = {isa = PBXBuildFile; fileRef = ADAF702A248A9EF80058F1A7 /* AppDelegate.swift */; };
		ADAF702F248A9EF80058F1A7 /* WeatherViewController.swift in Sources */ = {isa = PBXBuildFile; fileRef = ADAF702E248A9EF80058F1A7 /* WeatherViewController.swift */; };
		ADAF7032248A9EF80058F1A7 /* Main.storyboard in Resources */ = {isa = PBXBuildFile; fileRef = ADAF7030248A9EF80058F1A7 /* Main.storyboard */; };
		ADAF7034248A9EFA0058F1A7 /* Assets.xcassets in Resources */ = {isa = PBXBuildFile; fileRef = ADAF7033248A9EFA0058F1A7 /* Assets.xcassets */; };
		ADAF7037248A9EFA0058F1A7 /* LaunchScreen.storyboard in Resources */ = {isa = PBXBuildFile; fileRef = ADAF7035248A9EFA0058F1A7 /* LaunchScreen.storyboard */; };
		ADC256EA24D15EFF0032D174 /* ApiKeys.plist in Resources */ = {isa = PBXBuildFile; fileRef = ADC256E924D15EFF0032D174 /* ApiKeys.plist */; };
		ADCFFD6C24B7259900E0FBC4 /* ApiKeys.swift in Sources */ = {isa = PBXBuildFile; fileRef = ADCFFD6B24B7259900E0FBC4 /* ApiKeys.swift */; };
		ADCFFD6E24B725BA00E0FBC4 /* Constants.swift in Sources */ = {isa = PBXBuildFile; fileRef = ADCFFD6D24B725BA00E0FBC4 /* Constants.swift */; };
		ADFF2511249E49E500A9CC33 /* WeatherServiceTestCase.swift in Sources */ = {isa = PBXBuildFile; fileRef = ADFF2510249E49E500A9CC33 /* WeatherServiceTestCase.swift */; };
		ADFF2513249E4A2500A9CC33 /* Weather.json in Resources */ = {isa = PBXBuildFile; fileRef = ADFF2512249E4A2500A9CC33 /* Weather.json */; };
		ADFF2515249E4AB800A9CC33 /* FakeResponseData.swift in Sources */ = {isa = PBXBuildFile; fileRef = ADFF2514249E4AB800A9CC33 /* FakeResponseData.swift */; };
/* End PBXBuildFile section */

/* Begin PBXContainerItemProxy section */
		ADFF250B249E492A00A9CC33 /* PBXContainerItemProxy */ = {
			isa = PBXContainerItemProxy;
			containerPortal = ADAF701F248A9EF80058F1A7 /* Project object */;
			proxyType = 1;
			remoteGlobalIDString = ADAF7026248A9EF80058F1A7;
			remoteInfo = Baluchon;
		};
/* End PBXContainerItemProxy section */

/* Begin PBXFileReference section */
		AD09C283248EA95800CF3B07 /* ExchangeViewController.swift */ = {isa = PBXFileReference; lastKnownFileType = sourcecode.swift; path = ExchangeViewController.swift; sourceTree = "<group>"; };
		AD24DAF3249BFB130060FB99 /* BaluchonView.swift */ = {isa = PBXFileReference; lastKnownFileType = sourcecode.swift; path = BaluchonView.swift; sourceTree = "<group>"; };
		AD3A22F4249381D100032006 /* NetworkError.swift */ = {isa = PBXFileReference; lastKnownFileType = sourcecode.swift; path = NetworkError.swift; sourceTree = "<group>"; };
		AD3CE747248D9D7C00063181 /* TranslationViewController.swift */ = {isa = PBXFileReference; lastKnownFileType = sourcecode.swift; path = TranslationViewController.swift; sourceTree = "<group>"; };
		AD3F7C05248EB25200ED0DBA /* WeatherService.swift */ = {isa = PBXFileReference; lastKnownFileType = sourcecode.swift; path = WeatherService.swift; sourceTree = "<group>"; };
		AD3F7C07248EB2A100ED0DBA /* Weather.swift */ = {isa = PBXFileReference; lastKnownFileType = sourcecode.swift; path = Weather.swift; sourceTree = "<group>"; };
		AD3F7C09248EB71200ED0DBA /* TranslationService.swift */ = {isa = PBXFileReference; lastKnownFileType = sourcecode.swift; path = TranslationService.swift; sourceTree = "<group>"; };
		AD3F7C0B248ED8C500ED0DBA /* Translation.swift */ = {isa = PBXFileReference; lastKnownFileType = sourcecode.swift; path = Translation.swift; sourceTree = "<group>"; };
		AD3F7C0D248ED99600ED0DBA /* ExchangeService.swift */ = {isa = PBXFileReference; lastKnownFileType = sourcecode.swift; path = ExchangeService.swift; sourceTree = "<group>"; };
		AD3F7C0F248ED9A600ED0DBA /* Exchange.swift */ = {isa = PBXFileReference; lastKnownFileType = sourcecode.swift; path = Exchange.swift; sourceTree = "<group>"; };
		AD5810B224BDBA98000EC6D6 /* Network.swift */ = {isa = PBXFileReference; lastKnownFileType = sourcecode.swift; path = Network.swift; sourceTree = "<group>"; };
		AD5810B424BDBAB6000EC6D6 /* Images.swift */ = {isa = PBXFileReference; lastKnownFileType = sourcecode.swift; path = Images.swift; sourceTree = "<group>"; };
		AD5810B624BDBAC8000EC6D6 /* Strings.swift */ = {isa = PBXFileReference; lastKnownFileType = sourcecode.swift; path = Strings.swift; sourceTree = "<group>"; };
		AD5810B824BDBC21000EC6D6 /* UIImageViewExtension.swift */ = {isa = PBXFileReference; lastKnownFileType = sourcecode.swift; path = UIImageViewExtension.swift; sourceTree = "<group>"; };
		AD5810BA24BDC005000EC6D6 /* UIViewControllerExtension.swift */ = {isa = PBXFileReference; lastKnownFileType = sourcecode.swift; path = UIViewControllerExtension.swift; sourceTree = "<group>"; };
		AD6AE9B0249A14E100FBBA20 /* TranslationView.swift */ = {isa = PBXFileReference; lastKnownFileType = sourcecode.swift; path = TranslationView.swift; sourceTree = "<group>"; };
		AD6AE9B2249A1DB100FBBA20 /* BannerView.swift */ = {isa = PBXFileReference; lastKnownFileType = sourcecode.swift; path = BannerView.swift; sourceTree = "<group>"; };
		AD6AE9B6249A2A5600FBBA20 /* ExchangeView.swift */ = {isa = PBXFileReference; lastKnownFileType = sourcecode.swift; path = ExchangeView.swift; sourceTree = "<group>"; };
		AD7FC21424979AD600F1549D /* FloatExtension.swift */ = {isa = PBXFileReference; lastKnownFileType = sourcecode.swift; path = FloatExtension.swift; sourceTree = "<group>"; };
		AD7FC2182497D88200F1549D /* WeatherView.swift */ = {isa = PBXFileReference; lastKnownFileType = sourcecode.swift; path = WeatherView.swift; sourceTree = "<group>"; };
		AD9A6BAF249E524D00EA83BF /* Translation.json */ = {isa = PBXFileReference; lastKnownFileType = text.json; path = Translation.json; sourceTree = "<group>"; };
		AD9A6BB1249E525700EA83BF /* Exchange.json */ = {isa = PBXFileReference; lastKnownFileType = text.json; path = Exchange.json; sourceTree = "<group>"; };
		AD9A6BB7249E54DC00EA83BF /* TranslationServiceTestCase.swift */ = {isa = PBXFileReference; lastKnownFileType = sourcecode.swift; path = TranslationServiceTestCase.swift; sourceTree = "<group>"; };
		AD9A6BB9249E54EC00EA83BF /* ExchangeServiceTestCase.swift */ = {isa = PBXFileReference; lastKnownFileType = sourcecode.swift; path = ExchangeServiceTestCase.swift; sourceTree = "<group>"; };
		AD9A6BBB249E579000EA83BF /* URLSessionFake.swift */ = {isa = PBXFileReference; lastKnownFileType = sourcecode.swift; path = URLSessionFake.swift; sourceTree = "<group>"; };
		ADAF7027248A9EF80058F1A7 /* Baluchon.app */ = {isa = PBXFileReference; explicitFileType = wrapper.application; includeInIndex = 0; path = Baluchon.app; sourceTree = BUILT_PRODUCTS_DIR; };
		ADAF702A248A9EF80058F1A7 /* AppDelegate.swift */ = {isa = PBXFileReference; lastKnownFileType = sourcecode.swift; path = AppDelegate.swift; sourceTree = "<group>"; };
		ADAF702E248A9EF80058F1A7 /* WeatherViewController.swift */ = {isa = PBXFileReference; lastKnownFileType = sourcecode.swift; path = WeatherViewController.swift; sourceTree = "<group>"; };
		ADAF7031248A9EF80058F1A7 /* Base */ = {isa = PBXFileReference; lastKnownFileType = file.storyboard; name = Base; path = Base.lproj/Main.storyboard; sourceTree = "<group>"; };
		ADAF7033248A9EFA0058F1A7 /* Assets.xcassets */ = {isa = PBXFileReference; lastKnownFileType = folder.assetcatalog; path = Assets.xcassets; sourceTree = "<group>"; };
		ADAF7036248A9EFA0058F1A7 /* Base */ = {isa = PBXFileReference; lastKnownFileType = file.storyboard; name = Base; path = Base.lproj/LaunchScreen.storyboard; sourceTree = "<group>"; };
		ADAF7038248A9EFA0058F1A7 /* Info.plist */ = {isa = PBXFileReference; lastKnownFileType = text.plist.xml; path = Info.plist; sourceTree = "<group>"; };
		ADC256E924D15EFF0032D174 /* ApiKeys.plist */ = {isa = PBXFileReference; fileEncoding = 4; lastKnownFileType = text.plist.xml; name = ApiKeys.plist; path = "../../../../P9_scott_anthony 2/P9_01_Xcode/Baluchon/Utilities/ApiKeys.plist"; sourceTree = "<group>"; };
		ADCFFD6B24B7259900E0FBC4 /* ApiKeys.swift */ = {isa = PBXFileReference; fileEncoding = 4; lastKnownFileType = sourcecode.swift; path = ApiKeys.swift; sourceTree = "<group>"; };
		ADCFFD6D24B725BA00E0FBC4 /* Constants.swift */ = {isa = PBXFileReference; lastKnownFileType = sourcecode.swift; path = Constants.swift; sourceTree = "<group>"; };
		ADFF2506249E492A00A9CC33 /* BaluchonTests.xctest */ = {isa = PBXFileReference; explicitFileType = wrapper.cfbundle; includeInIndex = 0; path = BaluchonTests.xctest; sourceTree = BUILT_PRODUCTS_DIR; };
		ADFF250A249E492A00A9CC33 /* Info.plist */ = {isa = PBXFileReference; lastKnownFileType = text.plist.xml; path = Info.plist; sourceTree = "<group>"; };
		ADFF2510249E49E500A9CC33 /* WeatherServiceTestCase.swift */ = {isa = PBXFileReference; lastKnownFileType = sourcecode.swift; path = WeatherServiceTestCase.swift; sourceTree = "<group>"; };
		ADFF2512249E4A2500A9CC33 /* Weather.json */ = {isa = PBXFileReference; lastKnownFileType = text.json; path = Weather.json; sourceTree = "<group>"; };
		ADFF2514249E4AB800A9CC33 /* FakeResponseData.swift */ = {isa = PBXFileReference; lastKnownFileType = sourcecode.swift; path = FakeResponseData.swift; sourceTree = "<group>"; };
/* End PBXFileReference section */

/* Begin PBXFrameworksBuildPhase section */
		ADAF7024248A9EF80058F1A7 /* Frameworks */ = {
			isa = PBXFrameworksBuildPhase;
			buildActionMask = 2147483647;
			files = (
			);
			runOnlyForDeploymentPostprocessing = 0;
		};
		ADFF2503249E492A00A9CC33 /* Frameworks */ = {
			isa = PBXFrameworksBuildPhase;
			buildActionMask = 2147483647;
			files = (
			);
			runOnlyForDeploymentPostprocessing = 0;
		};
/* End PBXFrameworksBuildPhase section */

/* Begin PBXGroup section */
		ADAA9D51249D35AF00FEEBD3 /* Supporting Files */ = {
			isa = PBXGroup;
			children = (
				ADAF702A248A9EF80058F1A7 /* AppDelegate.swift */,
				ADAF7038248A9EFA0058F1A7 /* Info.plist */,
				ADAF7035248A9EFA0058F1A7 /* LaunchScreen.storyboard */,
				ADAF7033248A9EFA0058F1A7 /* Assets.xcassets */,
			);
			path = "Supporting Files";
			sourceTree = "<group>";
		};
		ADAF701E248A9EF80058F1A7 = {
			isa = PBXGroup;
			children = (
				ADAF7029248A9EF80058F1A7 /* Baluchon */,
				ADFF2507249E492A00A9CC33 /* BaluchonTests */,
				ADAF7028248A9EF80058F1A7 /* Products */,
			);
			sourceTree = "<group>";
		};
		ADAF7028248A9EF80058F1A7 /* Products */ = {
			isa = PBXGroup;
			children = (
				ADAF7027248A9EF80058F1A7 /* Baluchon.app */,
				ADFF2506249E492A00A9CC33 /* BaluchonTests.xctest */,
			);
			name = Products;
			sourceTree = "<group>";
		};
		ADAF7029248A9EF80058F1A7 /* Baluchon */ = {
			isa = PBXGroup;
			children = (
				ADAF7040248A9F240058F1A7 /* Model */,
				ADCFFD6824B7247500E0FBC4 /* Network */,
				ADAF703E248A9F100058F1A7 /* Controller */,
				ADAF703F248A9F180058F1A7 /* View */,
				ADCFFD6A24B724D800E0FBC4 /* Extensions */,
				ADCFFD6924B724A500E0FBC4 /* Utilities */,
				ADAA9D51249D35AF00FEEBD3 /* Supporting Files */,
			);
			path = Baluchon;
			sourceTree = "<group>";
		};
		ADAF703E248A9F100058F1A7 /* Controller */ = {
			isa = PBXGroup;
			children = (
				ADAF702E248A9EF80058F1A7 /* WeatherViewController.swift */,
				AD3CE747248D9D7C00063181 /* TranslationViewController.swift */,
				AD09C283248EA95800CF3B07 /* ExchangeViewController.swift */,
			);
			path = Controller;
			sourceTree = "<group>";
		};
		ADAF703F248A9F180058F1A7 /* View */ = {
			isa = PBXGroup;
			children = (
				ADAF7030248A9EF80058F1A7 /* Main.storyboard */,
				AD24DAF3249BFB130060FB99 /* BaluchonView.swift */,
				AD6AE9B2249A1DB100FBBA20 /* BannerView.swift */,
				AD7FC2182497D88200F1549D /* WeatherView.swift */,
				AD6AE9B0249A14E100FBBA20 /* TranslationView.swift */,
				AD6AE9B6249A2A5600FBBA20 /* ExchangeView.swift */,
			);
			path = View;
			sourceTree = "<group>";
		};
		ADAF7040248A9F240058F1A7 /* Model */ = {
			isa = PBXGroup;
			children = (
				AD3F7C07248EB2A100ED0DBA /* Weather.swift */,
				AD3F7C0B248ED8C500ED0DBA /* Translation.swift */,
				AD3F7C0F248ED9A600ED0DBA /* Exchange.swift */,
			);
			path = Model;
			sourceTree = "<group>";
		};
		ADCFFD6824B7247500E0FBC4 /* Network */ = {
			isa = PBXGroup;
			children = (
				AD3F7C05248EB25200ED0DBA /* WeatherService.swift */,
				AD3F7C09248EB71200ED0DBA /* TranslationService.swift */,
				AD3F7C0D248ED99600ED0DBA /* ExchangeService.swift */,
				AD3A22F4249381D100032006 /* NetworkError.swift */,
			);
			path = Network;
			sourceTree = "<group>";
		};
		ADCFFD6924B724A500E0FBC4 /* Utilities */ = {
			isa = PBXGroup;
			children = (
				ADCFFD6D24B725BA00E0FBC4 /* Constants.swift */,
				AD5810B224BDBA98000EC6D6 /* Network.swift */,
				AD5810B624BDBAC8000EC6D6 /* Strings.swift */,
				AD5810B424BDBAB6000EC6D6 /* Images.swift */,
				ADC256E924D15EFF0032D174 /* ApiKeys.plist */,
				ADCFFD6B24B7259900E0FBC4 /* ApiKeys.swift */,
			);
			path = Utilities;
			sourceTree = "<group>";
		};
		ADCFFD6A24B724D800E0FBC4 /* Extensions */ = {
			isa = PBXGroup;
			children = (
				AD5810BA24BDC005000EC6D6 /* UIViewControllerExtension.swift */,
				AD5810B824BDBC21000EC6D6 /* UIImageViewExtension.swift */,
				AD7FC21424979AD600F1549D /* FloatExtension.swift */,
			);
			path = Extensions;
			sourceTree = "<group>";
		};
		ADFF2507249E492A00A9CC33 /* BaluchonTests */ = {
			isa = PBXGroup;
			children = (
				ADFF2510249E49E500A9CC33 /* WeatherServiceTestCase.swift */,
				AD9A6BB7249E54DC00EA83BF /* TranslationServiceTestCase.swift */,
				AD9A6BB9249E54EC00EA83BF /* ExchangeServiceTestCase.swift */,
				ADFF2512249E4A2500A9CC33 /* Weather.json */,
				AD9A6BAF249E524D00EA83BF /* Translation.json */,
				AD9A6BB1249E525700EA83BF /* Exchange.json */,
				ADFF2514249E4AB800A9CC33 /* FakeResponseData.swift */,
				AD9A6BBB249E579000EA83BF /* URLSessionFake.swift */,
				ADFF250A249E492A00A9CC33 /* Info.plist */,
			);
			path = BaluchonTests;
			sourceTree = "<group>";
		};
/* End PBXGroup section */

/* Begin PBXNativeTarget section */
		ADAF7026248A9EF80058F1A7 /* Baluchon */ = {
			isa = PBXNativeTarget;
			buildConfigurationList = ADAF703B248A9EFA0058F1A7 /* Build configuration list for PBXNativeTarget "Baluchon" */;
			buildPhases = (
				ADAF7023248A9EF80058F1A7 /* Sources */,
				ADAF7024248A9EF80058F1A7 /* Frameworks */,
				ADAF7025248A9EF80058F1A7 /* Resources */,
			);
			buildRules = (
			);
			dependencies = (
			);
			name = Baluchon;
			productName = Baluchon;
			productReference = ADAF7027248A9EF80058F1A7 /* Baluchon.app */;
			productType = "com.apple.product-type.application";
		};
		ADFF2505249E492A00A9CC33 /* BaluchonTests */ = {
			isa = PBXNativeTarget;
			buildConfigurationList = ADFF250D249E492A00A9CC33 /* Build configuration list for PBXNativeTarget "BaluchonTests" */;
			buildPhases = (
				ADFF2502249E492A00A9CC33 /* Sources */,
				ADFF2503249E492A00A9CC33 /* Frameworks */,
				ADFF2504249E492A00A9CC33 /* Resources */,
			);
			buildRules = (
			);
			dependencies = (
				ADFF250C249E492A00A9CC33 /* PBXTargetDependency */,
			);
			name = BaluchonTests;
			productName = BaluchonTests;
			productReference = ADFF2506249E492A00A9CC33 /* BaluchonTests.xctest */;
			productType = "com.apple.product-type.bundle.unit-test";
		};
/* End PBXNativeTarget section */

/* Begin PBXProject section */
		ADAF701F248A9EF80058F1A7 /* Project object */ = {
			isa = PBXProject;
			attributes = {
				LastSwiftUpdateCheck = 1150;
				LastUpgradeCheck = 1150;
				ORGANIZATIONNAME = "Anthony Scott";
				TargetAttributes = {
					ADAF7026248A9EF80058F1A7 = {
						CreatedOnToolsVersion = 11.5;
					};
					ADFF2505249E492A00A9CC33 = {
						CreatedOnToolsVersion = 11.5;
						LastSwiftMigration = 1150;
						TestTargetID = ADAF7026248A9EF80058F1A7;
					};
				};
			};
			buildConfigurationList = ADAF7022248A9EF80058F1A7 /* Build configuration list for PBXProject "Baluchon" */;
			compatibilityVersion = "Xcode 9.3";
			developmentRegion = en;
			hasScannedForEncodings = 0;
			knownRegions = (
				en,
				Base,
			);
			mainGroup = ADAF701E248A9EF80058F1A7;
			productRefGroup = ADAF7028248A9EF80058F1A7 /* Products */;
			projectDirPath = "";
			projectRoot = "";
			targets = (
				ADAF7026248A9EF80058F1A7 /* Baluchon */,
				ADFF2505249E492A00A9CC33 /* BaluchonTests */,
			);
		};
/* End PBXProject section */

/* Begin PBXResourcesBuildPhase section */
		ADAF7025248A9EF80058F1A7 /* Resources */ = {
			isa = PBXResourcesBuildPhase;
			buildActionMask = 2147483647;
			files = (
				ADAF7037248A9EFA0058F1A7 /* LaunchScreen.storyboard in Resources */,
				ADC256EA24D15EFF0032D174 /* ApiKeys.plist in Resources */,
				ADAF7034248A9EFA0058F1A7 /* Assets.xcassets in Resources */,
				ADAF7032248A9EF80058F1A7 /* Main.storyboard in Resources */,
			);
			runOnlyForDeploymentPostprocessing = 0;
		};
		ADFF2504249E492A00A9CC33 /* Resources */ = {
			isa = PBXResourcesBuildPhase;
			buildActionMask = 2147483647;
			files = (
				AD9A6BB2249E525700EA83BF /* Exchange.json in Resources */,
				ADFF2513249E4A2500A9CC33 /* Weather.json in Resources */,
				AD9A6BB0249E524D00EA83BF /* Translation.json in Resources */,
			);
			runOnlyForDeploymentPostprocessing = 0;
		};
/* End PBXResourcesBuildPhase section */

/* Begin PBXSourcesBuildPhase section */
		ADAF7023248A9EF80058F1A7 /* Sources */ = {
			isa = PBXSourcesBuildPhase;
			buildActionMask = 2147483647;
			files = (
				AD3CE748248D9D7C00063181 /* TranslationViewController.swift in Sources */,
				ADAF702F248A9EF80058F1A7 /* WeatherViewController.swift in Sources */,
				AD5810BB24BDC005000EC6D6 /* UIViewControllerExtension.swift in Sources */,
				AD3F7C0C248ED8C500ED0DBA /* Translation.swift in Sources */,
				ADAF702B248A9EF80058F1A7 /* AppDelegate.swift in Sources */,
				AD3F7C0A248EB71200ED0DBA /* TranslationService.swift in Sources */,
				AD5810B324BDBA98000EC6D6 /* Network.swift in Sources */,
				AD7FC2192497D88200F1549D /* WeatherView.swift in Sources */,
				AD24DAF4249BFB130060FB99 /* BaluchonView.swift in Sources */,
				AD6AE9B7249A2A5600FBBA20 /* ExchangeView.swift in Sources */,
				AD5810B524BDBAB6000EC6D6 /* Images.swift in Sources */,
				AD09C284248EA95800CF3B07 /* ExchangeViewController.swift in Sources */,
				ADCFFD6C24B7259900E0FBC4 /* ApiKeys.swift in Sources */,
				AD3F7C06248EB25200ED0DBA /* WeatherService.swift in Sources */,
				AD3F7C10248ED9A600ED0DBA /* Exchange.swift in Sources */,
				AD5810B924BDBC21000EC6D6 /* UIImageViewExtension.swift in Sources */,
				AD7FC21524979AD600F1549D /* FloatExtension.swift in Sources */,
				AD3A22F5249381D100032006 /* NetworkError.swift in Sources */,
				ADCFFD6E24B725BA00E0FBC4 /* Constants.swift in Sources */,
				AD6AE9B3249A1DB100FBBA20 /* BannerView.swift in Sources */,
				AD6AE9B1249A14E100FBBA20 /* TranslationView.swift in Sources */,
				AD3F7C0E248ED99600ED0DBA /* ExchangeService.swift in Sources */,
				AD3F7C08248EB2A100ED0DBA /* Weather.swift in Sources */,
				AD5810B724BDBAC8000EC6D6 /* Strings.swift in Sources */,
			);
			runOnlyForDeploymentPostprocessing = 0;
		};
		ADFF2502249E492A00A9CC33 /* Sources */ = {
			isa = PBXSourcesBuildPhase;
			buildActionMask = 2147483647;
			files = (
				AD9A6BBA249E54EC00EA83BF /* ExchangeServiceTestCase.swift in Sources */,
				ADFF2515249E4AB800A9CC33 /* FakeResponseData.swift in Sources */,
				AD9A6BB8249E54DC00EA83BF /* TranslationServiceTestCase.swift in Sources */,
				AD9A6BBC249E579000EA83BF /* URLSessionFake.swift in Sources */,
				ADFF2511249E49E500A9CC33 /* WeatherServiceTestCase.swift in Sources */,
			);
			runOnlyForDeploymentPostprocessing = 0;
		};
/* End PBXSourcesBuildPhase section */

/* Begin PBXTargetDependency section */
		ADFF250C249E492A00A9CC33 /* PBXTargetDependency */ = {
			isa = PBXTargetDependency;
			target = ADAF7026248A9EF80058F1A7 /* Baluchon */;
			targetProxy = ADFF250B249E492A00A9CC33 /* PBXContainerItemProxy */;
		};
/* End PBXTargetDependency section */

/* Begin PBXVariantGroup section */
		ADAF7030248A9EF80058F1A7 /* Main.storyboard */ = {
			isa = PBXVariantGroup;
			children = (
				ADAF7031248A9EF80058F1A7 /* Base */,
			);
			name = Main.storyboard;
			sourceTree = "<group>";
		};
		ADAF7035248A9EFA0058F1A7 /* LaunchScreen.storyboard */ = {
			isa = PBXVariantGroup;
			children = (
				ADAF7036248A9EFA0058F1A7 /* Base */,
			);
			name = LaunchScreen.storyboard;
			sourceTree = "<group>";
		};
/* End PBXVariantGroup section */

/* Begin XCBuildConfiguration section */
		ADAF7039248A9EFA0058F1A7 /* Debug */ = {
			isa = XCBuildConfiguration;
			buildSettings = {
				ALWAYS_SEARCH_USER_PATHS = NO;
				CLANG_ANALYZER_NONNULL = YES;
				CLANG_ANALYZER_NUMBER_OBJECT_CONVERSION = YES_AGGRESSIVE;
				CLANG_CXX_LANGUAGE_STANDARD = "gnu++14";
				CLANG_CXX_LIBRARY = "libc++";
				CLANG_ENABLE_MODULES = YES;
				CLANG_ENABLE_OBJC_ARC = YES;
				CLANG_ENABLE_OBJC_WEAK = YES;
				CLANG_WARN_BLOCK_CAPTURE_AUTORELEASING = YES;
				CLANG_WARN_BOOL_CONVERSION = YES;
				CLANG_WARN_COMMA = YES;
				CLANG_WARN_CONSTANT_CONVERSION = YES;
				CLANG_WARN_DEPRECATED_OBJC_IMPLEMENTATIONS = YES;
				CLANG_WARN_DIRECT_OBJC_ISA_USAGE = YES_ERROR;
				CLANG_WARN_DOCUMENTATION_COMMENTS = YES;
				CLANG_WARN_EMPTY_BODY = YES;
				CLANG_WARN_ENUM_CONVERSION = YES;
				CLANG_WARN_INFINITE_RECURSION = YES;
				CLANG_WARN_INT_CONVERSION = YES;
				CLANG_WARN_NON_LITERAL_NULL_CONVERSION = YES;
				CLANG_WARN_OBJC_IMPLICIT_RETAIN_SELF = YES;
				CLANG_WARN_OBJC_LITERAL_CONVERSION = YES;
				CLANG_WARN_OBJC_ROOT_CLASS = YES_ERROR;
				CLANG_WARN_RANGE_LOOP_ANALYSIS = YES;
				CLANG_WARN_STRICT_PROTOTYPES = YES;
				CLANG_WARN_SUSPICIOUS_MOVE = YES;
				CLANG_WARN_UNGUARDED_AVAILABILITY = YES_AGGRESSIVE;
				CLANG_WARN_UNREACHABLE_CODE = YES;
				CLANG_WARN__DUPLICATE_METHOD_MATCH = YES;
				COPY_PHASE_STRIP = NO;
				DEBUG_INFORMATION_FORMAT = dwarf;
				ENABLE_STRICT_OBJC_MSGSEND = YES;
				ENABLE_TESTABILITY = YES;
				GCC_C_LANGUAGE_STANDARD = gnu11;
				GCC_DYNAMIC_NO_PIC = NO;
				GCC_NO_COMMON_BLOCKS = YES;
				GCC_OPTIMIZATION_LEVEL = 0;
				GCC_PREPROCESSOR_DEFINITIONS = (
					"DEBUG=1",
					"$(inherited)",
				);
				GCC_WARN_64_TO_32_BIT_CONVERSION = YES;
				GCC_WARN_ABOUT_RETURN_TYPE = YES_ERROR;
				GCC_WARN_UNDECLARED_SELECTOR = YES;
				GCC_WARN_UNINITIALIZED_AUTOS = YES_AGGRESSIVE;
				GCC_WARN_UNUSED_FUNCTION = YES;
				GCC_WARN_UNUSED_VARIABLE = YES;
				IPHONEOS_DEPLOYMENT_TARGET = 11.0;
				MTL_ENABLE_DEBUG_INFO = INCLUDE_SOURCE;
				MTL_FAST_MATH = YES;
				ONLY_ACTIVE_ARCH = YES;
				SDKROOT = iphoneos;
				SWIFT_ACTIVE_COMPILATION_CONDITIONS = DEBUG;
				SWIFT_OPTIMIZATION_LEVEL = "-Onone";
			};
			name = Debug;
		};
		ADAF703A248A9EFA0058F1A7 /* Release */ = {
			isa = XCBuildConfiguration;
			buildSettings = {
				ALWAYS_SEARCH_USER_PATHS = NO;
				CLANG_ANALYZER_NONNULL = YES;
				CLANG_ANALYZER_NUMBER_OBJECT_CONVERSION = YES_AGGRESSIVE;
				CLANG_CXX_LANGUAGE_STANDARD = "gnu++14";
				CLANG_CXX_LIBRARY = "libc++";
				CLANG_ENABLE_MODULES = YES;
				CLANG_ENABLE_OBJC_ARC = YES;
				CLANG_ENABLE_OBJC_WEAK = YES;
				CLANG_WARN_BLOCK_CAPTURE_AUTORELEASING = YES;
				CLANG_WARN_BOOL_CONVERSION = YES;
				CLANG_WARN_COMMA = YES;
				CLANG_WARN_CONSTANT_CONVERSION = YES;
				CLANG_WARN_DEPRECATED_OBJC_IMPLEMENTATIONS = YES;
				CLANG_WARN_DIRECT_OBJC_ISA_USAGE = YES_ERROR;
				CLANG_WARN_DOCUMENTATION_COMMENTS = YES;
				CLANG_WARN_EMPTY_BODY = YES;
				CLANG_WARN_ENUM_CONVERSION = YES;
				CLANG_WARN_INFINITE_RECURSION = YES;
				CLANG_WARN_INT_CONVERSION = YES;
				CLANG_WARN_NON_LITERAL_NULL_CONVERSION = YES;
				CLANG_WARN_OBJC_IMPLICIT_RETAIN_SELF = YES;
				CLANG_WARN_OBJC_LITERAL_CONVERSION = YES;
				CLANG_WARN_OBJC_ROOT_CLASS = YES_ERROR;
				CLANG_WARN_RANGE_LOOP_ANALYSIS = YES;
				CLANG_WARN_STRICT_PROTOTYPES = YES;
				CLANG_WARN_SUSPICIOUS_MOVE = YES;
				CLANG_WARN_UNGUARDED_AVAILABILITY = YES_AGGRESSIVE;
				CLANG_WARN_UNREACHABLE_CODE = YES;
				CLANG_WARN__DUPLICATE_METHOD_MATCH = YES;
				COPY_PHASE_STRIP = NO;
				DEBUG_INFORMATION_FORMAT = "dwarf-with-dsym";
				ENABLE_NS_ASSERTIONS = NO;
				ENABLE_STRICT_OBJC_MSGSEND = YES;
				GCC_C_LANGUAGE_STANDARD = gnu11;
				GCC_NO_COMMON_BLOCKS = YES;
				GCC_WARN_64_TO_32_BIT_CONVERSION = YES;
				GCC_WARN_ABOUT_RETURN_TYPE = YES_ERROR;
				GCC_WARN_UNDECLARED_SELECTOR = YES;
				GCC_WARN_UNINITIALIZED_AUTOS = YES_AGGRESSIVE;
				GCC_WARN_UNUSED_FUNCTION = YES;
				GCC_WARN_UNUSED_VARIABLE = YES;
				IPHONEOS_DEPLOYMENT_TARGET = 11.0;
				MTL_ENABLE_DEBUG_INFO = NO;
				MTL_FAST_MATH = YES;
				SDKROOT = iphoneos;
				SWIFT_COMPILATION_MODE = wholemodule;
				SWIFT_OPTIMIZATION_LEVEL = "-O";
				VALIDATE_PRODUCT = YES;
			};
			name = Release;
		};
		ADAF703C248A9EFA0058F1A7 /* Debug */ = {
			isa = XCBuildConfiguration;
			buildSettings = {
				ASSETCATALOG_COMPILER_APPICON_NAME = AppIcon;
				CODE_SIGN_IDENTITY = "Apple Development";
				CODE_SIGN_STYLE = Automatic;
				DEVELOPMENT_TEAM = JVSADVSJ8H;
				INFOPLIST_FILE = "Baluchon/Supporting Files/Info.plist";
				IPHONEOS_DEPLOYMENT_TARGET = 11.0;
				LD_RUNPATH_SEARCH_PATHS = (
					"$(inherited)",
					"@executable_path/Frameworks",
				);
				PRODUCT_BUNDLE_IDENTIFIER = anthonymfscott.Baluchon;
				PRODUCT_NAME = "$(TARGET_NAME)";
				PROVISIONING_PROFILE_SPECIFIER = "";
				SWIFT_VERSION = 5.0;
				TARGETED_DEVICE_FAMILY = 1;
			};
			name = Debug;
		};
		ADAF703D248A9EFA0058F1A7 /* Release */ = {
			isa = XCBuildConfiguration;
			buildSettings = {
				ASSETCATALOG_COMPILER_APPICON_NAME = AppIcon;
				CODE_SIGN_IDENTITY = "Apple Development";
				CODE_SIGN_STYLE = Automatic;
				DEVELOPMENT_TEAM = JVSADVSJ8H;
				INFOPLIST_FILE = "Baluchon/Supporting Files/Info.plist";
				IPHONEOS_DEPLOYMENT_TARGET = 11.0;
				LD_RUNPATH_SEARCH_PATHS = (
					"$(inherited)",
					"@executable_path/Frameworks",
				);
				PRODUCT_BUNDLE_IDENTIFIER = anthonymfscott.Baluchon;
				PRODUCT_NAME = "$(TARGET_NAME)";
				PROVISIONING_PROFILE_SPECIFIER = "";
				SWIFT_VERSION = 5.0;
				TARGETED_DEVICE_FAMILY = 1;
			};
			name = Release;
		};
		ADFF250E249E492A00A9CC33 /* Debug */ = {
			isa = XCBuildConfiguration;
			buildSettings = {
				BUNDLE_LOADER = "$(TEST_HOST)";
				CLANG_ENABLE_MODULES = YES;
				"CODE_SIGN_IDENTITY[sdk=macosx*]" = "Apple Development";
				CODE_SIGN_STYLE = Automatic;
				DEVELOPMENT_TEAM = JVSADVSJ8H;
				INFOPLIST_FILE = BaluchonTests/Info.plist;
				LD_RUNPATH_SEARCH_PATHS = (
					"$(inherited)",
					"@executable_path/Frameworks",
					"@loader_path/Frameworks",
				);
				PRODUCT_BUNDLE_IDENTIFIER = example.BaluchonTests;
				PRODUCT_NAME = "$(TARGET_NAME)";
				SWIFT_OPTIMIZATION_LEVEL = "-Onone";
				SWIFT_VERSION = 5.0;
				TARGETED_DEVICE_FAMILY = "1,2";
				TEST_HOST = "$(BUILT_PRODUCTS_DIR)/Baluchon.app/Baluchon";
			};
			name = Debug;
		};
		ADFF250F249E492A00A9CC33 /* Release */ = {
			isa = XCBuildConfiguration;
			buildSettings = {
				BUNDLE_LOADER = "$(TEST_HOST)";
				CLANG_ENABLE_MODULES = YES;
				"CODE_SIGN_IDENTITY[sdk=macosx*]" = "Apple Development";
				CODE_SIGN_STYLE = Automatic;
				DEVELOPMENT_TEAM = JVSADVSJ8H;
				INFOPLIST_FILE = BaluchonTests/Info.plist;
				LD_RUNPATH_SEARCH_PATHS = (
					"$(inherited)",
					"@executable_path/Frameworks",
					"@loader_path/Frameworks",
				);
				PRODUCT_BUNDLE_IDENTIFIER = example.BaluchonTests;
				PRODUCT_NAME = "$(TARGET_NAME)";
				SWIFT_VERSION = 5.0;
				TARGETED_DEVICE_FAMILY = "1,2";
				TEST_HOST = "$(BUILT_PRODUCTS_DIR)/Baluchon.app/Baluchon";
			};
			name = Release;
		};
/* End XCBuildConfiguration section */

/* Begin XCConfigurationList section */
		ADAF7022248A9EF80058F1A7 /* Build configuration list for PBXProject "Baluchon" */ = {
			isa = XCConfigurationList;
			buildConfigurations = (
				ADAF7039248A9EFA0058F1A7 /* Debug */,
				ADAF703A248A9EFA0058F1A7 /* Release */,
			);
			defaultConfigurationIsVisible = 0;
			defaultConfigurationName = Release;
		};
		ADAF703B248A9EFA0058F1A7 /* Build configuration list for PBXNativeTarget "Baluchon" */ = {
			isa = XCConfigurationList;
			buildConfigurations = (
				ADAF703C248A9EFA0058F1A7 /* Debug */,
				ADAF703D248A9EFA0058F1A7 /* Release */,
			);
			defaultConfigurationIsVisible = 0;
			defaultConfigurationName = Release;
		};
		ADFF250D249E492A00A9CC33 /* Build configuration list for PBXNativeTarget "BaluchonTests" */ = {
			isa = XCConfigurationList;
			buildConfigurations = (
				ADFF250E249E492A00A9CC33 /* Debug */,
				ADFF250F249E492A00A9CC33 /* Release */,
			);
			defaultConfigurationIsVisible = 0;
			defaultConfigurationName = Release;
		};
/* End XCConfigurationList section */
	};
	rootObject = ADAF701F248A9EF80058F1A7 /* Project object */;
}
