// !$*UTF8*$!
{
	archiveVersion = 1;
	classes = {
	};
	objectVersion = 50;
	objects = {

/* Begin PBXBuildFile section */
		AD09C284248EA95800CF3B07 /* CurrencyViewController.swift in Sources */ = {isa = PBXBuildFile; fileRef = AD09C283248EA95800CF3B07 /* CurrencyViewController.swift */; };
		AD3A22F5249381D100032006 /* NetworkError.swift in Sources */ = {isa = PBXBuildFile; fileRef = AD3A22F4249381D100032006 /* NetworkError.swift */; };
		AD3CE748248D9D7C00063181 /* TranslationViewController.swift in Sources */ = {isa = PBXBuildFile; fileRef = AD3CE747248D9D7C00063181 /* TranslationViewController.swift */; };
		AD3F7C06248EB25200ED0DBA /* WeatherService.swift in Sources */ = {isa = PBXBuildFile; fileRef = AD3F7C05248EB25200ED0DBA /* WeatherService.swift */; };
		AD3F7C08248EB2A100ED0DBA /* WeatherResponse.swift in Sources */ = {isa = PBXBuildFile; fileRef = AD3F7C07248EB2A100ED0DBA /* WeatherResponse.swift */; };
		AD3F7C0A248EB71200ED0DBA /* TranslationService.swift in Sources */ = {isa = PBXBuildFile; fileRef = AD3F7C09248EB71200ED0DBA /* TranslationService.swift */; };
		AD3F7C0C248ED8C500ED0DBA /* Translation.swift in Sources */ = {isa = PBXBuildFile; fileRef = AD3F7C0B248ED8C500ED0DBA /* Translation.swift */; };
		AD3F7C0E248ED99600ED0DBA /* CurrencyService.swift in Sources */ = {isa = PBXBuildFile; fileRef = AD3F7C0D248ED99600ED0DBA /* CurrencyService.swift */; };
		AD3F7C10248ED9A600ED0DBA /* Currency.swift in Sources */ = {isa = PBXBuildFile; fileRef = AD3F7C0F248ED9A600ED0DBA /* Currency.swift */; };
		AD7FC21524979AD600F1549D /* Extensions.swift in Sources */ = {isa = PBXBuildFile; fileRef = AD7FC21424979AD600F1549D /* Extensions.swift */; };
		ADAF702B248A9EF80058F1A7 /* AppDelegate.swift in Sources */ = {isa = PBXBuildFile; fileRef = ADAF702A248A9EF80058F1A7 /* AppDelegate.swift */; };
		ADAF702D248A9EF80058F1A7 /* SceneDelegate.swift in Sources */ = {isa = PBXBuildFile; fileRef = ADAF702C248A9EF80058F1A7 /* SceneDelegate.swift */; };
		ADAF702F248A9EF80058F1A7 /* WeatherViewController.swift in Sources */ = {isa = PBXBuildFile; fileRef = ADAF702E248A9EF80058F1A7 /* WeatherViewController.swift */; };
		ADAF7032248A9EF80058F1A7 /* Main.storyboard in Resources */ = {isa = PBXBuildFile; fileRef = ADAF7030248A9EF80058F1A7 /* Main.storyboard */; };
		ADAF7034248A9EFA0058F1A7 /* Assets.xcassets in Resources */ = {isa = PBXBuildFile; fileRef = ADAF7033248A9EFA0058F1A7 /* Assets.xcassets */; };
		ADAF7037248A9EFA0058F1A7 /* LaunchScreen.storyboard in Resources */ = {isa = PBXBuildFile; fileRef = ADAF7035248A9EFA0058F1A7 /* LaunchScreen.storyboard */; };
/* End PBXBuildFile section */

/* Begin PBXFileReference section */
		AD09C283248EA95800CF3B07 /* CurrencyViewController.swift */ = {isa = PBXFileReference; lastKnownFileType = sourcecode.swift; path = CurrencyViewController.swift; sourceTree = "<group>"; };
		AD3A22F4249381D100032006 /* NetworkError.swift */ = {isa = PBXFileReference; lastKnownFileType = sourcecode.swift; path = NetworkError.swift; sourceTree = "<group>"; };
		AD3CE747248D9D7C00063181 /* TranslationViewController.swift */ = {isa = PBXFileReference; lastKnownFileType = sourcecode.swift; path = TranslationViewController.swift; sourceTree = "<group>"; };
		AD3F7C05248EB25200ED0DBA /* WeatherService.swift */ = {isa = PBXFileReference; lastKnownFileType = sourcecode.swift; path = WeatherService.swift; sourceTree = "<group>"; };
		AD3F7C07248EB2A100ED0DBA /* WeatherResponse.swift */ = {isa = PBXFileReference; lastKnownFileType = sourcecode.swift; path = WeatherResponse.swift; sourceTree = "<group>"; };
		AD3F7C09248EB71200ED0DBA /* TranslationService.swift */ = {isa = PBXFileReference; lastKnownFileType = sourcecode.swift; path = TranslationService.swift; sourceTree = "<group>"; };
		AD3F7C0B248ED8C500ED0DBA /* Translation.swift */ = {isa = PBXFileReference; lastKnownFileType = sourcecode.swift; path = Translation.swift; sourceTree = "<group>"; };
		AD3F7C0D248ED99600ED0DBA /* CurrencyService.swift */ = {isa = PBXFileReference; lastKnownFileType = sourcecode.swift; path = CurrencyService.swift; sourceTree = "<group>"; };
		AD3F7C0F248ED9A600ED0DBA /* Currency.swift */ = {isa = PBXFileReference; lastKnownFileType = sourcecode.swift; path = Currency.swift; sourceTree = "<group>"; };
		AD7FC21424979AD600F1549D /* Extensions.swift */ = {isa = PBXFileReference; lastKnownFileType = sourcecode.swift; path = Extensions.swift; sourceTree = "<group>"; };
		ADAF7027248A9EF80058F1A7 /* Baluchon.app */ = {isa = PBXFileReference; explicitFileType = wrapper.application; includeInIndex = 0; path = Baluchon.app; sourceTree = BUILT_PRODUCTS_DIR; };
		ADAF702A248A9EF80058F1A7 /* AppDelegate.swift */ = {isa = PBXFileReference; lastKnownFileType = sourcecode.swift; path = AppDelegate.swift; sourceTree = "<group>"; };
		ADAF702C248A9EF80058F1A7 /* SceneDelegate.swift */ = {isa = PBXFileReference; lastKnownFileType = sourcecode.swift; path = SceneDelegate.swift; sourceTree = "<group>"; };
		ADAF702E248A9EF80058F1A7 /* WeatherViewController.swift */ = {isa = PBXFileReference; lastKnownFileType = sourcecode.swift; path = WeatherViewController.swift; sourceTree = "<group>"; };
		ADAF7031248A9EF80058F1A7 /* Base */ = {isa = PBXFileReference; lastKnownFileType = file.storyboard; name = Base; path = Base.lproj/Main.storyboard; sourceTree = "<group>"; };
		ADAF7033248A9EFA0058F1A7 /* Assets.xcassets */ = {isa = PBXFileReference; lastKnownFileType = folder.assetcatalog; path = Assets.xcassets; sourceTree = "<group>"; };
		ADAF7036248A9EFA0058F1A7 /* Base */ = {isa = PBXFileReference; lastKnownFileType = file.storyboard; name = Base; path = Base.lproj/LaunchScreen.storyboard; sourceTree = "<group>"; };
		ADAF7038248A9EFA0058F1A7 /* Info.plist */ = {isa = PBXFileReference; lastKnownFileType = text.plist.xml; path = Info.plist; sourceTree = "<group>"; };
/* End PBXFileReference section */

/* Begin PBXFrameworksBuildPhase section */
		ADAF7024248A9EF80058F1A7 /* Frameworks */ = {
			isa = PBXFrameworksBuildPhase;
			buildActionMask = 2147483647;
			files = (
			);
			runOnlyForDeploymentPostprocessing = 0;
		};
/* End PBXFrameworksBuildPhase section */

/* Begin PBXGroup section */
		ADAF701E248A9EF80058F1A7 = {
			isa = PBXGroup;
			children = (
				ADAF7029248A9EF80058F1A7 /* Baluchon */,
				ADAF7028248A9EF80058F1A7 /* Products */,
			);
			sourceTree = "<group>";
		};
		ADAF7028248A9EF80058F1A7 /* Products */ = {
			isa = PBXGroup;
			children = (
				ADAF7027248A9EF80058F1A7 /* Baluchon.app */,
			);
			name = Products;
			sourceTree = "<group>";
		};
		ADAF7029248A9EF80058F1A7 /* Baluchon */ = {
			isa = PBXGroup;
			children = (
				ADAF702A248A9EF80058F1A7 /* AppDelegate.swift */,
				ADAF702C248A9EF80058F1A7 /* SceneDelegate.swift */,
				ADAF7040248A9F240058F1A7 /* Model */,
				ADAF703E248A9F100058F1A7 /* Controller */,
				ADAF703F248A9F180058F1A7 /* View */,
				ADAF7038248A9EFA0058F1A7 /* Info.plist */,
			);
			path = Baluchon;
			sourceTree = "<group>";
		};
		ADAF703E248A9F100058F1A7 /* Controller */ = {
			isa = PBXGroup;
			children = (
				ADAF702E248A9EF80058F1A7 /* WeatherViewController.swift */,
				AD3CE747248D9D7C00063181 /* TranslationViewController.swift */,
				AD09C283248EA95800CF3B07 /* CurrencyViewController.swift */,
			);
			path = Controller;
			sourceTree = "<group>";
		};
		ADAF703F248A9F180058F1A7 /* View */ = {
			isa = PBXGroup;
			children = (
				ADAF7030248A9EF80058F1A7 /* Main.storyboard */,
				ADAF7033248A9EFA0058F1A7 /* Assets.xcassets */,
				ADAF7035248A9EFA0058F1A7 /* LaunchScreen.storyboard */,
			);
			path = View;
			sourceTree = "<group>";
		};
		ADAF7040248A9F240058F1A7 /* Model */ = {
			isa = PBXGroup;
			children = (
				AD3F7C07248EB2A100ED0DBA /* WeatherResponse.swift */,
				AD3F7C05248EB25200ED0DBA /* WeatherService.swift */,
				AD3F7C0B248ED8C500ED0DBA /* Translation.swift */,
				AD3F7C09248EB71200ED0DBA /* TranslationService.swift */,
				AD3F7C0F248ED9A600ED0DBA /* Currency.swift */,
				AD3F7C0D248ED99600ED0DBA /* CurrencyService.swift */,
				AD3A22F4249381D100032006 /* NetworkError.swift */,
				AD7FC21424979AD600F1549D /* Extensions.swift */,
			);
			path = Model;
			sourceTree = "<group>";
		};
/* End PBXGroup section */

/* Begin PBXNativeTarget section */
		ADAF7026248A9EF80058F1A7 /* Baluchon */ = {
			isa = PBXNativeTarget;
			buildConfigurationList = ADAF703B248A9EFA0058F1A7 /* Build configuration list for PBXNativeTarget "Baluchon" */;
			buildPhases = (
				ADAF7023248A9EF80058F1A7 /* Sources */,
				ADAF7024248A9EF80058F1A7 /* Frameworks */,
				ADAF7025248A9EF80058F1A7 /* Resources */,
			);
			buildRules = (
			);
			dependencies = (
			);
			name = Baluchon;
			productName = Baluchon;
			productReference = ADAF7027248A9EF80058F1A7 /* Baluchon.app */;
			productType = "com.apple.product-type.application";
		};
/* End PBXNativeTarget section */

/* Begin PBXProject section */
		ADAF701F248A9EF80058F1A7 /* Project object */ = {
			isa = PBXProject;
			attributes = {
				LastSwiftUpdateCheck = 1150;
				LastUpgradeCheck = 1150;
				ORGANIZATIONNAME = "Anthony Scott";
				TargetAttributes = {
					ADAF7026248A9EF80058F1A7 = {
						CreatedOnToolsVersion = 11.5;
					};
				};
			};
			buildConfigurationList = ADAF7022248A9EF80058F1A7 /* Build configuration list for PBXProject "Baluchon" */;
			compatibilityVersion = "Xcode 9.3";
			developmentRegion = en;
			hasScannedForEncodings = 0;
			knownRegions = (
				en,
				Base,
			);
			mainGroup = ADAF701E248A9EF80058F1A7;
			productRefGroup = ADAF7028248A9EF80058F1A7 /* Products */;
			projectDirPath = "";
			projectRoot = "";
			targets = (
				ADAF7026248A9EF80058F1A7 /* Baluchon */,
			);
		};
/* End PBXProject section */

/* Begin PBXResourcesBuildPhase section */
		ADAF7025248A9EF80058F1A7 /* Resources */ = {
			isa = PBXResourcesBuildPhase;
			buildActionMask = 2147483647;
			files = (
				ADAF7037248A9EFA0058F1A7 /* LaunchScreen.storyboard in Resources */,
				ADAF7034248A9EFA0058F1A7 /* Assets.xcassets in Resources */,
				ADAF7032248A9EF80058F1A7 /* Main.storyboard in Resources */,
			);
			runOnlyForDeploymentPostprocessing = 0;
		};
/* End PBXResourcesBuildPhase section */

/* Begin PBXSourcesBuildPhase section */
		ADAF7023248A9EF80058F1A7 /* Sources */ = {
			isa = PBXSourcesBuildPhase;
			buildActionMask = 2147483647;
			files = (
				AD3CE748248D9D7C00063181 /* TranslationViewController.swift in Sources */,
				ADAF702F248A9EF80058F1A7 /* WeatherViewController.swift in Sources */,
				AD3F7C0C248ED8C500ED0DBA /* Translation.swift in Sources */,
				ADAF702B248A9EF80058F1A7 /* AppDelegate.swift in Sources */,
				AD3F7C0A248EB71200ED0DBA /* TranslationService.swift in Sources */,
				AD09C284248EA95800CF3B07 /* CurrencyViewController.swift in Sources */,
				AD3F7C06248EB25200ED0DBA /* WeatherService.swift in Sources */,
				AD3F7C10248ED9A600ED0DBA /* Currency.swift in Sources */,
				AD7FC21524979AD600F1549D /* Extensions.swift in Sources */,
				ADAF702D248A9EF80058F1A7 /* SceneDelegate.swift in Sources */,
				AD3A22F5249381D100032006 /* NetworkError.swift in Sources */,
				AD3F7C0E248ED99600ED0DBA /* CurrencyService.swift in Sources */,
				AD3F7C08248EB2A100ED0DBA /* WeatherResponse.swift in Sources */,
			);
			runOnlyForDeploymentPostprocessing = 0;
		};
/* End PBXSourcesBuildPhase section */

/* Begin PBXVariantGroup section */
		ADAF7030248A9EF80058F1A7 /* Main.storyboard */ = {
			isa = PBXVariantGroup;
			children = (
				ADAF7031248A9EF80058F1A7 /* Base */,
			);
			name = Main.storyboard;
			sourceTree = "<group>";
		};
		ADAF7035248A9EFA0058F1A7 /* LaunchScreen.storyboard */ = {
			isa = PBXVariantGroup;
			children = (
				ADAF7036248A9EFA0058F1A7 /* Base */,
			);
			name = LaunchScreen.storyboard;
			sourceTree = "<group>";
		};
/* End PBXVariantGroup section */

/* Begin XCBuildConfiguration section */
		ADAF7039248A9EFA0058F1A7 /* Debug */ = {
			isa = XCBuildConfiguration;
			buildSettings = {
				ALWAYS_SEARCH_USER_PATHS = NO;
				CLANG_ANALYZER_NONNULL = YES;
				CLANG_ANALYZER_NUMBER_OBJECT_CONVERSION = YES_AGGRESSIVE;
				CLANG_CXX_LANGUAGE_STANDARD = "gnu++14";
				CLANG_CXX_LIBRARY = "libc++";
				CLANG_ENABLE_MODULES = YES;
				CLANG_ENABLE_OBJC_ARC = YES;
				CLANG_ENABLE_OBJC_WEAK = YES;
				CLANG_WARN_BLOCK_CAPTURE_AUTORELEASING = YES;
				CLANG_WARN_BOOL_CONVERSION = YES;
				CLANG_WARN_COMMA = YES;
				CLANG_WARN_CONSTANT_CONVERSION = YES;
				CLANG_WARN_DEPRECATED_OBJC_IMPLEMENTATIONS = YES;
				CLANG_WARN_DIRECT_OBJC_ISA_USAGE = YES_ERROR;
				CLANG_WARN_DOCUMENTATION_COMMENTS = YES;
				CLANG_WARN_EMPTY_BODY = YES;
				CLANG_WARN_ENUM_CONVERSION = YES;
				CLANG_WARN_INFINITE_RECURSION = YES;
				CLANG_WARN_INT_CONVERSION = YES;
				CLANG_WARN_NON_LITERAL_NULL_CONVERSION = YES;
				CLANG_WARN_OBJC_IMPLICIT_RETAIN_SELF = YES;
				CLANG_WARN_OBJC_LITERAL_CONVERSION = YES;
				CLANG_WARN_OBJC_ROOT_CLASS = YES_ERROR;
				CLANG_WARN_RANGE_LOOP_ANALYSIS = YES;
				CLANG_WARN_STRICT_PROTOTYPES = YES;
				CLANG_WARN_SUSPICIOUS_MOVE = YES;
				CLANG_WARN_UNGUARDED_AVAILABILITY = YES_AGGRESSIVE;
				CLANG_WARN_UNREACHABLE_CODE = YES;
				CLANG_WARN__DUPLICATE_METHOD_MATCH = YES;
				COPY_PHASE_STRIP = NO;
				DEBUG_INFORMATION_FORMAT = dwarf;
				ENABLE_STRICT_OBJC_MSGSEND = YES;
				ENABLE_TESTABILITY = YES;
				GCC_C_LANGUAGE_STANDARD = gnu11;
				GCC_DYNAMIC_NO_PIC = NO;
				GCC_NO_COMMON_BLOCKS = YES;
				GCC_OPTIMIZATION_LEVEL = 0;
				GCC_PREPROCESSOR_DEFINITIONS = (
					"DEBUG=1",
					"$(inherited)",
				);
				GCC_WARN_64_TO_32_BIT_CONVERSION = YES;
				GCC_WARN_ABOUT_RETURN_TYPE = YES_ERROR;
				GCC_WARN_UNDECLARED_SELECTOR = YES;
				GCC_WARN_UNINITIALIZED_AUTOS = YES_AGGRESSIVE;
				GCC_WARN_UNUSED_FUNCTION = YES;
				GCC_WARN_UNUSED_VARIABLE = YES;
				IPHONEOS_DEPLOYMENT_TARGET = 13.5;
				MTL_ENABLE_DEBUG_INFO = INCLUDE_SOURCE;
				MTL_FAST_MATH = YES;
				ONLY_ACTIVE_ARCH = YES;
				SDKROOT = iphoneos;
				SWIFT_ACTIVE_COMPILATION_CONDITIONS = DEBUG;
				SWIFT_OPTIMIZATION_LEVEL = "-Onone";
			};
			name = Debug;
		};
		ADAF703A248A9EFA0058F1A7 /* Release */ = {
			isa = XCBuildConfiguration;
			buildSettings = {
				ALWAYS_SEARCH_USER_PATHS = NO;
				CLANG_ANALYZER_NONNULL = YES;
				CLANG_ANALYZER_NUMBER_OBJECT_CONVERSION = YES_AGGRESSIVE;
				CLANG_CXX_LANGUAGE_STANDARD = "gnu++14";
				CLANG_CXX_LIBRARY = "libc++";
				CLANG_ENABLE_MODULES = YES;
				CLANG_ENABLE_OBJC_ARC = YES;
				CLANG_ENABLE_OBJC_WEAK = YES;
				CLANG_WARN_BLOCK_CAPTURE_AUTORELEASING = YES;
				CLANG_WARN_BOOL_CONVERSION = YES;
				CLANG_WARN_COMMA = YES;
				CLANG_WARN_CONSTANT_CONVERSION = YES;
				CLANG_WARN_DEPRECATED_OBJC_IMPLEMENTATIONS = YES;
				CLANG_WARN_DIRECT_OBJC_ISA_USAGE = YES_ERROR;
				CLANG_WARN_DOCUMENTATION_COMMENTS = YES;
				CLANG_WARN_EMPTY_BODY = YES;
				CLANG_WARN_ENUM_CONVERSION = YES;
				CLANG_WARN_INFINITE_RECURSION = YES;
				CLANG_WARN_INT_CONVERSION = YES;
				CLANG_WARN_NON_LITERAL_NULL_CONVERSION = YES;
				CLANG_WARN_OBJC_IMPLICIT_RETAIN_SELF = YES;
				CLANG_WARN_OBJC_LITERAL_CONVERSION = YES;
				CLANG_WARN_OBJC_ROOT_CLASS = YES_ERROR;
				CLANG_WARN_RANGE_LOOP_ANALYSIS = YES;
				CLANG_WARN_STRICT_PROTOTYPES = YES;
				CLANG_WARN_SUSPICIOUS_MOVE = YES;
				CLANG_WARN_UNGUARDED_AVAILABILITY = YES_AGGRESSIVE;
				CLANG_WARN_UNREACHABLE_CODE = YES;
				CLANG_WARN__DUPLICATE_METHOD_MATCH = YES;
				COPY_PHASE_STRIP = NO;
				DEBUG_INFORMATION_FORMAT = "dwarf-with-dsym";
				ENABLE_NS_ASSERTIONS = NO;
				ENABLE_STRICT_OBJC_MSGSEND = YES;
				GCC_C_LANGUAGE_STANDARD = gnu11;
				GCC_NO_COMMON_BLOCKS = YES;
				GCC_WARN_64_TO_32_BIT_CONVERSION = YES;
				GCC_WARN_ABOUT_RETURN_TYPE = YES_ERROR;
				GCC_WARN_UNDECLARED_SELECTOR = YES;
				GCC_WARN_UNINITIALIZED_AUTOS = YES_AGGRESSIVE;
				GCC_WARN_UNUSED_FUNCTION = YES;
				GCC_WARN_UNUSED_VARIABLE = YES;
				IPHONEOS_DEPLOYMENT_TARGET = 13.5;
				MTL_ENABLE_DEBUG_INFO = NO;
				MTL_FAST_MATH = YES;
				SDKROOT = iphoneos;
				SWIFT_COMPILATION_MODE = wholemodule;
				SWIFT_OPTIMIZATION_LEVEL = "-O";
				VALIDATE_PRODUCT = YES;
			};
			name = Release;
		};
		ADAF703C248A9EFA0058F1A7 /* Debug */ = {
			isa = XCBuildConfiguration;
			buildSettings = {
				ASSETCATALOG_COMPILER_APPICON_NAME = AppIcon;
				CODE_SIGN_IDENTITY = "Apple Development";
				CODE_SIGN_STYLE = Automatic;
				DEVELOPMENT_TEAM = JVSADVSJ8H;
				INFOPLIST_FILE = Baluchon/Info.plist;
				LD_RUNPATH_SEARCH_PATHS = (
					"$(inherited)",
					"@executable_path/Frameworks",
				);
				PRODUCT_BUNDLE_IDENTIFIER = anthonymfscott.Baluchon;
				PRODUCT_NAME = "$(TARGET_NAME)";
				PROVISIONING_PROFILE_SPECIFIER = "";
				SWIFT_VERSION = 5.0;
				TARGETED_DEVICE_FAMILY = 1;
			};
			name = Debug;
		};
		ADAF703D248A9EFA0058F1A7 /* Release */ = {
			isa = XCBuildConfiguration;
			buildSettings = {
				ASSETCATALOG_COMPILER_APPICON_NAME = AppIcon;
				CODE_SIGN_IDENTITY = "Apple Development";
				CODE_SIGN_STYLE = Automatic;
				DEVELOPMENT_TEAM = JVSADVSJ8H;
				INFOPLIST_FILE = Baluchon/Info.plist;
				LD_RUNPATH_SEARCH_PATHS = (
					"$(inherited)",
					"@executable_path/Frameworks",
				);
				PRODUCT_BUNDLE_IDENTIFIER = anthonymfscott.Baluchon;
				PRODUCT_NAME = "$(TARGET_NAME)";
				PROVISIONING_PROFILE_SPECIFIER = "";
				SWIFT_VERSION = 5.0;
				TARGETED_DEVICE_FAMILY = 1;
			};
			name = Release;
		};
/* End XCBuildConfiguration section */

/* Begin XCConfigurationList section */
		ADAF7022248A9EF80058F1A7 /* Build configuration list for PBXProject "Baluchon" */ = {
			isa = XCConfigurationList;
			buildConfigurations = (
				ADAF7039248A9EFA0058F1A7 /* Debug */,
				ADAF703A248A9EFA0058F1A7 /* Release */,
			);
			defaultConfigurationIsVisible = 0;
			defaultConfigurationName = Release;
		};
		ADAF703B248A9EFA0058F1A7 /* Build configuration list for PBXNativeTarget "Baluchon" */ = {
			isa = XCConfigurationList;
			buildConfigurations = (
				ADAF703C248A9EFA0058F1A7 /* Debug */,
				ADAF703D248A9EFA0058F1A7 /* Release */,
			);
			defaultConfigurationIsVisible = 0;
			defaultConfigurationName = Release;
		};
/* End XCConfigurationList section */
	};
	rootObject = ADAF701F248A9EF80058F1A7 /* Project object */;
}
